
Microsoft Visual Studio Solution File, Format Version 12.00
# Visual Studio 15
VisualStudioVersion = 15.0.28307.421
MinimumVisualStudioVersion = 10.0.40219.1
Project("{F184B08F-C81C-45F6-A57F-5ABD9991F28F}") = "Translator Project", "Translator Solution\Translator Project.vbproj", "{1C23B106-BE06-4F5C-B13F-36F2FE4AC531}"
EndProject
Global
	GlobalSection(SolutionConfigurationPlatforms) = preSolution
		Debug|Any CPU = Debug|Any CPU
		Release|Any CPU = Release|Any CPU
	EndGlobalSection
	GlobalSection(ProjectConfigurationPlatforms) = postSolution
		{1C23B106-BE06-4F5C-B13F-36F2FE4AC531}.Debug|Any CPU.ActiveCfg = Debug|Any CPU
		{1C23B106-BE06-4F5C-B13F-36F2FE4AC531}.Debug|Any CPU.Build.0 = Debug|Any CPU
		{1C23B106-BE06-4F5C-B13F-36F2FE4AC531}.Release|Any CPU.ActiveCfg = Release|Any CPU
		{1C23B106-BE06-4F5C-B13F-36F2FE4AC531}.Release|Any CPU.Build.0 = Release|Any CPU
	EndGlobalSection
	GlobalSection(SolutionProperties) = preSolution
		HideSolutionNode = FALSE
	EndGlobalSection
	GlobalSection(ExtensibilityGlobals) = postSolution
		SolutionGuid = {D34484ED-57D4-452E-8A3A-DAC3DE25ACA2}
	EndGlobalSection
EndGlobal
